
Microsoft Visual Studio Solution File, Format Version 12.00
# Visual Studio Version 16
VisualStudioVersion = 16.0.31229.75
MinimumVisualStudioVersion = 10.0.40219.1
Project("{9A19103F-16F7-4668-BE54-9A1E7A4F7556}") = "Rin Reads", "Rin Reads\Rin Reads.csproj", "{E7048387-68EB-4F1C-A3F4-E3DE1EE4CD39}"
EndProject
Project("{FAE04EC0-301F-11D3-BF4B-00C04F79EFBC}") = "MangaDexAPI-Sharp", "MangaDexAPI-Sharp\MangaDexAPI-Sharp.csproj", "{BAE17B0F-3E10-41A6-8D52-C0DEE56C7AF7}"
EndProject
Global
	GlobalSection(SolutionConfigurationPlatforms) = preSolution
		Debug|Any CPU = Debug|Any CPU
		Release|Any CPU = Release|Any CPU
	EndGlobalSection
	GlobalSection(ProjectConfigurationPlatforms) = postSolution
		{E7048387-68EB-4F1C-A3F4-E3DE1EE4CD39}.Debug|Any CPU.ActiveCfg = Debug|Any CPU
		{E7048387-68EB-4F1C-A3F4-E3DE1EE4CD39}.Debug|Any CPU.Build.0 = Debug|Any CPU
		{E7048387-68EB-4F1C-A3F4-E3DE1EE4CD39}.Release|Any CPU.ActiveCfg = Release|Any CPU
		{E7048387-68EB-4F1C-A3F4-E3DE1EE4CD39}.Release|Any CPU.Build.0 = Release|Any CPU
		{BAE17B0F-3E10-41A6-8D52-C0DEE56C7AF7}.Debug|Any CPU.ActiveCfg = Debug|Any CPU
		{BAE17B0F-3E10-41A6-8D52-C0DEE56C7AF7}.Debug|Any CPU.Build.0 = Debug|Any CPU
		{BAE17B0F-3E10-41A6-8D52-C0DEE56C7AF7}.Release|Any CPU.ActiveCfg = Release|Any CPU
		{BAE17B0F-3E10-41A6-8D52-C0DEE56C7AF7}.Release|Any CPU.Build.0 = Release|Any CPU
	EndGlobalSection
	GlobalSection(SolutionProperties) = preSolution
		HideSolutionNode = FALSE
	EndGlobalSection
	GlobalSection(ExtensibilityGlobals) = postSolution
		SolutionGuid = {72C27971-9811-4F91-A4DF-9FB2895A7B89}
	EndGlobalSection
EndGlobal
